// !$*UTF8*$!
{
	archiveVersion = 1;
	classes = {
	};
	objectVersion = 50;
	objects = {

/* Begin PBXBuildFile section */
		28A13120266720840056E848 /* SubtractionCalculate.swift in Sources */ = {isa = PBXBuildFile; fileRef = 28A1311F266720840056E848 /* SubtractionCalculate.swift */; };
		28A13160266B192B0056E848 /* SwiftUIView.swift in Sources */ = {isa = PBXBuildFile; fileRef = 28A1315F266B192B0056E848 /* SwiftUIView.swift */; };
		28B4064B2663FDA8008DA965 /* AppDelegate.swift in Sources */ = {isa = PBXBuildFile; fileRef = 28B4064A2663FDA8008DA965 /* AppDelegate.swift */; };
		28B4064D2663FDA8008DA965 /* SceneDelegate.swift in Sources */ = {isa = PBXBuildFile; fileRef = 28B4064C2663FDA8008DA965 /* SceneDelegate.swift */; };
		28B4064F2663FDA8008DA965 /* ViewController.swift in Sources */ = {isa = PBXBuildFile; fileRef = 28B4064E2663FDA8008DA965 /* ViewController.swift */; };
		28B406522663FDA8008DA965 /* Main.storyboard in Resources */ = {isa = PBXBuildFile; fileRef = 28B406502663FDA8008DA965 /* Main.storyboard */; };
		28B406542663FDAA008DA965 /* Assets.xcassets in Resources */ = {isa = PBXBuildFile; fileRef = 28B406532663FDAA008DA965 /* Assets.xcassets */; };
		28B406572663FDAA008DA965 /* LaunchScreen.storyboard in Resources */ = {isa = PBXBuildFile; fileRef = 28B406552663FDAA008DA965 /* LaunchScreen.storyboard */; };
		28B406622663FDAA008DA965 /* TimeCalculateTests.swift in Sources */ = {isa = PBXBuildFile; fileRef = 28B406612663FDAA008DA965 /* TimeCalculateTests.swift */; };
		28B4066D2663FDAA008DA965 /* TimeCalculateUITests.swift in Sources */ = {isa = PBXBuildFile; fileRef = 28B4066C2663FDAA008DA965 /* TimeCalculateUITests.swift */; };
		28B4067D26665EE0008DA965 /* IsDate.swift in Sources */ = {isa = PBXBuildFile; fileRef = 28B4067C26665EE0008DA965 /* IsDate.swift */; };
/* End PBXBuildFile section */

/* Begin PBXContainerItemProxy section */
		28B4065E2663FDAA008DA965 /* PBXContainerItemProxy */ = {
			isa = PBXContainerItemProxy;
			containerPortal = 28B4063F2663FDA8008DA965 /* Project object */;
			proxyType = 1;
			remoteGlobalIDString = 28B406462663FDA8008DA965;
			remoteInfo = TimeCalculate;
		};
		28B406692663FDAA008DA965 /* PBXContainerItemProxy */ = {
			isa = PBXContainerItemProxy;
			containerPortal = 28B4063F2663FDA8008DA965 /* Project object */;
			proxyType = 1;
			remoteGlobalIDString = 28B406462663FDA8008DA965;
			remoteInfo = TimeCalculate;
		};
/* End PBXContainerItemProxy section */

/* Begin PBXFileReference section */
		28A1311F266720840056E848 /* SubtractionCalculate.swift */ = {isa = PBXFileReference; lastKnownFileType = sourcecode.swift; path = SubtractionCalculate.swift; sourceTree = "<group>"; };
		28A1315D2667B13E0056E848 /* ja */ = {isa = PBXFileReference; lastKnownFileType = text.plist.strings; name = ja; path = ja.lproj/Main.strings; sourceTree = "<group>"; };
		28A1315E2667B13E0056E848 /* ja */ = {isa = PBXFileReference; lastKnownFileType = text.plist.strings; name = ja; path = ja.lproj/LaunchScreen.strings; sourceTree = "<group>"; };
		28A1315F266B192B0056E848 /* SwiftUIView.swift */ = {isa = PBXFileReference; lastKnownFileType = sourcecode.swift; path = SwiftUIView.swift; sourceTree = "<group>"; };
		28B406472663FDA8008DA965 /* TimeCalculate.app */ = {isa = PBXFileReference; explicitFileType = wrapper.application; includeInIndex = 0; path = TimeCalculate.app; sourceTree = BUILT_PRODUCTS_DIR; };
		28B4064A2663FDA8008DA965 /* AppDelegate.swift */ = {isa = PBXFileReference; lastKnownFileType = sourcecode.swift; path = AppDelegate.swift; sourceTree = "<group>"; };
		28B4064C2663FDA8008DA965 /* SceneDelegate.swift */ = {isa = PBXFileReference; lastKnownFileType = sourcecode.swift; path = SceneDelegate.swift; sourceTree = "<group>"; };
		28B4064E2663FDA8008DA965 /* ViewController.swift */ = {isa = PBXFileReference; lastKnownFileType = sourcecode.swift; path = ViewController.swift; sourceTree = "<group>"; };
		28B406512663FDA8008DA965 /* Base */ = {isa = PBXFileReference; lastKnownFileType = file.storyboard; name = Base; path = Base.lproj/Main.storyboard; sourceTree = "<group>"; };
		28B406532663FDAA008DA965 /* Assets.xcassets */ = {isa = PBXFileReference; lastKnownFileType = folder.assetcatalog; path = Assets.xcassets; sourceTree = "<group>"; };
		28B406562663FDAA008DA965 /* Base */ = {isa = PBXFileReference; lastKnownFileType = file.storyboard; name = Base; path = Base.lproj/LaunchScreen.storyboard; sourceTree = "<group>"; };
		28B406582663FDAA008DA965 /* Info.plist */ = {isa = PBXFileReference; lastKnownFileType = text.plist.xml; path = Info.plist; sourceTree = "<group>"; };
		28B4065D2663FDAA008DA965 /* TimeCalculateTests.xctest */ = {isa = PBXFileReference; explicitFileType = wrapper.cfbundle; includeInIndex = 0; path = TimeCalculateTests.xctest; sourceTree = BUILT_PRODUCTS_DIR; };
		28B406612663FDAA008DA965 /* TimeCalculateTests.swift */ = {isa = PBXFileReference; lastKnownFileType = sourcecode.swift; path = TimeCalculateTests.swift; sourceTree = "<group>"; };
		28B406632663FDAA008DA965 /* Info.plist */ = {isa = PBXFileReference; lastKnownFileType = text.plist.xml; path = Info.plist; sourceTree = "<group>"; };
		28B406682663FDAA008DA965 /* TimeCalculateUITests.xctest */ = {isa = PBXFileReference; explicitFileType = wrapper.cfbundle; includeInIndex = 0; path = TimeCalculateUITests.xctest; sourceTree = BUILT_PRODUCTS_DIR; };
		28B4066C2663FDAA008DA965 /* TimeCalculateUITests.swift */ = {isa = PBXFileReference; lastKnownFileType = sourcecode.swift; path = TimeCalculateUITests.swift; sourceTree = "<group>"; };
		28B4066E2663FDAA008DA965 /* Info.plist */ = {isa = PBXFileReference; lastKnownFileType = text.plist.xml; path = Info.plist; sourceTree = "<group>"; };
		28B4067C26665EE0008DA965 /* IsDate.swift */ = {isa = PBXFileReference; lastKnownFileType = sourcecode.swift; path = IsDate.swift; sourceTree = "<group>"; };
/* End PBXFileReference section */

/* Begin PBXFrameworksBuildPhase section */
		28B406442663FDA8008DA965 /* Frameworks */ = {
			isa = PBXFrameworksBuildPhase;
			buildActionMask = 2147483647;
			files = (
			);
			runOnlyForDeploymentPostprocessing = 0;
		};
		28B4065A2663FDAA008DA965 /* Frameworks */ = {
			isa = PBXFrameworksBuildPhase;
			buildActionMask = 2147483647;
			files = (
			);
			runOnlyForDeploymentPostprocessing = 0;
		};
		28B406652663FDAA008DA965 /* Frameworks */ = {
			isa = PBXFrameworksBuildPhase;
			buildActionMask = 2147483647;
			files = (
			);
			runOnlyForDeploymentPostprocessing = 0;
		};
/* End PBXFrameworksBuildPhase section */

/* Begin PBXGroup section */
		28B4063E2663FDA8008DA965 = {
			isa = PBXGroup;
			children = (
				28B406492663FDA8008DA965 /* TimeCalculate */,
				28B406602663FDAA008DA965 /* TimeCalculateTests */,
				28B4066B2663FDAA008DA965 /* TimeCalculateUITests */,
				28B406482663FDA8008DA965 /* Products */,
			);
			sourceTree = "<group>";
		};
		28B406482663FDA8008DA965 /* Products */ = {
			isa = PBXGroup;
			children = (
				28B406472663FDA8008DA965 /* TimeCalculate.app */,
				28B4065D2663FDAA008DA965 /* TimeCalculateTests.xctest */,
				28B406682663FDAA008DA965 /* TimeCalculateUITests.xctest */,
			);
			name = Products;
			sourceTree = "<group>";
		};
		28B406492663FDA8008DA965 /* TimeCalculate */ = {
			isa = PBXGroup;
			children = (
				28B4064A2663FDA8008DA965 /* AppDelegate.swift */,
				28B4064C2663FDA8008DA965 /* SceneDelegate.swift */,
				28B4064E2663FDA8008DA965 /* ViewController.swift */,
				28A1315F266B192B0056E848 /* SwiftUIView.swift */,
				28B4067C26665EE0008DA965 /* IsDate.swift */,
				28A1311F266720840056E848 /* SubtractionCalculate.swift */,
				28B406502663FDA8008DA965 /* Main.storyboard */,
				28B406532663FDAA008DA965 /* Assets.xcassets */,
				28B406552663FDAA008DA965 /* LaunchScreen.storyboard */,
				28B406582663FDAA008DA965 /* Info.plist */,
			);
			path = TimeCalculate;
			sourceTree = "<group>";
		};
		28B406602663FDAA008DA965 /* TimeCalculateTests */ = {
			isa = PBXGroup;
			children = (
				28B406612663FDAA008DA965 /* TimeCalculateTests.swift */,
				28B406632663FDAA008DA965 /* Info.plist */,
			);
			path = TimeCalculateTests;
			sourceTree = "<group>";
		};
		28B4066B2663FDAA008DA965 /* TimeCalculateUITests */ = {
			isa = PBXGroup;
			children = (
				28B4066C2663FDAA008DA965 /* TimeCalculateUITests.swift */,
				28B4066E2663FDAA008DA965 /* Info.plist */,
			);
			path = TimeCalculateUITests;
			sourceTree = "<group>";
		};
/* End PBXGroup section */

/* Begin PBXNativeTarget section */
		28B406462663FDA8008DA965 /* TimeCalculate */ = {
			isa = PBXNativeTarget;
			buildConfigurationList = 28B406712663FDAA008DA965 /* Build configuration list for PBXNativeTarget "TimeCalculate" */;
			buildPhases = (
				28B406432663FDA8008DA965 /* Sources */,
				28B406442663FDA8008DA965 /* Frameworks */,
				28B406452663FDA8008DA965 /* Resources */,
			);
			buildRules = (
			);
			dependencies = (
			);
			name = TimeCalculate;
			productName = TimeCalculate;
			productReference = 28B406472663FDA8008DA965 /* TimeCalculate.app */;
			productType = "com.apple.product-type.application";
		};
		28B4065C2663FDAA008DA965 /* TimeCalculateTests */ = {
			isa = PBXNativeTarget;
			buildConfigurationList = 28B406742663FDAA008DA965 /* Build configuration list for PBXNativeTarget "TimeCalculateTests" */;
			buildPhases = (
				28B406592663FDAA008DA965 /* Sources */,
				28B4065A2663FDAA008DA965 /* Frameworks */,
				28B4065B2663FDAA008DA965 /* Resources */,
			);
			buildRules = (
			);
			dependencies = (
				28B4065F2663FDAA008DA965 /* PBXTargetDependency */,
			);
			name = TimeCalculateTests;
			productName = TimeCalculateTests;
			productReference = 28B4065D2663FDAA008DA965 /* TimeCalculateTests.xctest */;
			productType = "com.apple.product-type.bundle.unit-test";
		};
		28B406672663FDAA008DA965 /* TimeCalculateUITests */ = {
			isa = PBXNativeTarget;
			buildConfigurationList = 28B406772663FDAA008DA965 /* Build configuration list for PBXNativeTarget "TimeCalculateUITests" */;
			buildPhases = (
				28B406642663FDAA008DA965 /* Sources */,
				28B406652663FDAA008DA965 /* Frameworks */,
				28B406662663FDAA008DA965 /* Resources */,
			);
			buildRules = (
			);
			dependencies = (
				28B4066A2663FDAA008DA965 /* PBXTargetDependency */,
			);
			name = TimeCalculateUITests;
			productName = TimeCalculateUITests;
			productReference = 28B406682663FDAA008DA965 /* TimeCalculateUITests.xctest */;
			productType = "com.apple.product-type.bundle.ui-testing";
		};
/* End PBXNativeTarget section */

/* Begin PBXProject section */
		28B4063F2663FDA8008DA965 /* Project object */ = {
			isa = PBXProject;
			attributes = {
				LastSwiftUpdateCheck = 1250;
				LastUpgradeCheck = 1250;
				TargetAttributes = {
					28B406462663FDA8008DA965 = {
						CreatedOnToolsVersion = 12.5;
					};
					28B4065C2663FDAA008DA965 = {
						CreatedOnToolsVersion = 12.5;
						TestTargetID = 28B406462663FDA8008DA965;
					};
					28B406672663FDAA008DA965 = {
						CreatedOnToolsVersion = 12.5;
						TestTargetID = 28B406462663FDA8008DA965;
					};
				};
			};
			buildConfigurationList = 28B406422663FDA8008DA965 /* Build configuration list for PBXProject "TimeCalculate" */;
			compatibilityVersion = "Xcode 9.3";
			developmentRegion = en;
			hasScannedForEncodings = 0;
			knownRegions = (
				en,
				Base,
				ja,
			);
			mainGroup = 28B4063E2663FDA8008DA965;
			productRefGroup = 28B406482663FDA8008DA965 /* Products */;
			projectDirPath = "";
			projectRoot = "";
			targets = (
				28B406462663FDA8008DA965 /* TimeCalculate */,
				28B4065C2663FDAA008DA965 /* TimeCalculateTests */,
				28B406672663FDAA008DA965 /* TimeCalculateUITests */,
			);
		};
/* End PBXProject section */

/* Begin PBXResourcesBuildPhase section */
		28B406452663FDA8008DA965 /* Resources */ = {
			isa = PBXResourcesBuildPhase;
			buildActionMask = 2147483647;
			files = (
				28B406572663FDAA008DA965 /* LaunchScreen.storyboard in Resources */,
				28B406542663FDAA008DA965 /* Assets.xcassets in Resources */,
				28B406522663FDA8008DA965 /* Main.storyboard in Resources */,
			);
			runOnlyForDeploymentPostprocessing = 0;
		};
		28B4065B2663FDAA008DA965 /* Resources */ = {
			isa = PBXResourcesBuildPhase;
			buildActionMask = 2147483647;
			files = (
			);
			runOnlyForDeploymentPostprocessing = 0;
		};
		28B406662663FDAA008DA965 /* Resources */ = {
			isa = PBXResourcesBuildPhase;
			buildActionMask = 2147483647;
			files = (
			);
			runOnlyForDeploymentPostprocessing = 0;
		};
/* End PBXResourcesBuildPhase section */

/* Begin PBXSourcesBuildPhase section */
		28B406432663FDA8008DA965 /* Sources */ = {
			isa = PBXSourcesBuildPhase;
			buildActionMask = 2147483647;
			files = (
				28B4064F2663FDA8008DA965 /* ViewController.swift in Sources */,
				28A13120266720840056E848 /* SubtractionCalculate.swift in Sources */,
				28A13160266B192B0056E848 /* SwiftUIView.swift in Sources */,
				28B4064B2663FDA8008DA965 /* AppDelegate.swift in Sources */,
				28B4064D2663FDA8008DA965 /* SceneDelegate.swift in Sources */,
				28B4067D26665EE0008DA965 /* IsDate.swift in Sources */,
			);
			runOnlyForDeploymentPostprocessing = 0;
		};
		28B406592663FDAA008DA965 /* Sources */ = {
			isa = PBXSourcesBuildPhase;
			buildActionMask = 2147483647;
			files = (
				28B406622663FDAA008DA965 /* TimeCalculateTests.swift in Sources */,
			);
			runOnlyForDeploymentPostprocessing = 0;
		};
		28B406642663FDAA008DA965 /* Sources */ = {
			isa = PBXSourcesBuildPhase;
			buildActionMask = 2147483647;
			files = (
				28B4066D2663FDAA008DA965 /* TimeCalculateUITests.swift in Sources */,
			);
			runOnlyForDeploymentPostprocessing = 0;
		};
/* End PBXSourcesBuildPhase section */

/* Begin PBXTargetDependency section */
		28B4065F2663FDAA008DA965 /* PBXTargetDependency */ = {
			isa = PBXTargetDependency;
			target = 28B406462663FDA8008DA965 /* TimeCalculate */;
			targetProxy = 28B4065E2663FDAA008DA965 /* PBXContainerItemProxy */;
		};
		28B4066A2663FDAA008DA965 /* PBXTargetDependency */ = {
			isa = PBXTargetDependency;
			target = 28B406462663FDA8008DA965 /* TimeCalculate */;
			targetProxy = 28B406692663FDAA008DA965 /* PBXContainerItemProxy */;
		};
/* End PBXTargetDependency section */

/* Begin PBXVariantGroup section */
		28B406502663FDA8008DA965 /* Main.storyboard */ = {
			isa = PBXVariantGroup;
			children = (
				28B406512663FDA8008DA965 /* Base */,
				28A1315D2667B13E0056E848 /* ja */,
			);
			name = Main.storyboard;
			sourceTree = "<group>";
		};
		28B406552663FDAA008DA965 /* LaunchScreen.storyboard */ = {
			isa = PBXVariantGroup;
			children = (
				28B406562663FDAA008DA965 /* Base */,
				28A1315E2667B13E0056E848 /* ja */,
			);
			name = LaunchScreen.storyboard;
			sourceTree = "<group>";
		};
/* End PBXVariantGroup section */

/* Begin XCBuildConfiguration section */
		28B4066F2663FDAA008DA965 /* Debug */ = {
			isa = XCBuildConfiguration;
			buildSettings = {
				ALWAYS_SEARCH_USER_PATHS = NO;
				CLANG_ANALYZER_LOCALIZABILITY_NONLOCALIZED = YES;
				CLANG_ANALYZER_NONNULL = YES;
				CLANG_ANALYZER_NUMBER_OBJECT_CONVERSION = YES_AGGRESSIVE;
				CLANG_CXX_LANGUAGE_STANDARD = "gnu++14";
				CLANG_CXX_LIBRARY = "libc++";
				CLANG_ENABLE_MODULES = YES;
				CLANG_ENABLE_OBJC_ARC = YES;
				CLANG_ENABLE_OBJC_WEAK = YES;
				CLANG_WARN_BLOCK_CAPTURE_AUTORELEASING = YES;
				CLANG_WARN_BOOL_CONVERSION = YES;
				CLANG_WARN_COMMA = YES;
				CLANG_WARN_CONSTANT_CONVERSION = YES;
				CLANG_WARN_DEPRECATED_OBJC_IMPLEMENTATIONS = YES;
				CLANG_WARN_DIRECT_OBJC_ISA_USAGE = YES_ERROR;
				CLANG_WARN_DOCUMENTATION_COMMENTS = YES;
				CLANG_WARN_EMPTY_BODY = YES;
				CLANG_WARN_ENUM_CONVERSION = YES;
				CLANG_WARN_INFINITE_RECURSION = YES;
				CLANG_WARN_INT_CONVERSION = YES;
				CLANG_WARN_NON_LITERAL_NULL_CONVERSION = YES;
				CLANG_WARN_OBJC_IMPLICIT_RETAIN_SELF = YES;
				CLANG_WARN_OBJC_LITERAL_CONVERSION = YES;
				CLANG_WARN_OBJC_ROOT_CLASS = YES_ERROR;
				CLANG_WARN_QUOTED_INCLUDE_IN_FRAMEWORK_HEADER = YES;
				CLANG_WARN_RANGE_LOOP_ANALYSIS = YES;
				CLANG_WARN_STRICT_PROTOTYPES = YES;
				CLANG_WARN_SUSPICIOUS_MOVE = YES;
				CLANG_WARN_UNGUARDED_AVAILABILITY = YES_AGGRESSIVE;
				CLANG_WARN_UNREACHABLE_CODE = YES;
				CLANG_WARN__DUPLICATE_METHOD_MATCH = YES;
				COPY_PHASE_STRIP = NO;
				DEBUG_INFORMATION_FORMAT = dwarf;
				ENABLE_STRICT_OBJC_MSGSEND = YES;
				ENABLE_TESTABILITY = YES;
				GCC_C_LANGUAGE_STANDARD = gnu11;
				GCC_DYNAMIC_NO_PIC = NO;
				GCC_NO_COMMON_BLOCKS = YES;
				GCC_OPTIMIZATION_LEVEL = 0;
				GCC_PREPROCESSOR_DEFINITIONS = (
					"DEBUG=1",
					"$(inherited)",
				);
				GCC_WARN_64_TO_32_BIT_CONVERSION = YES;
				GCC_WARN_ABOUT_RETURN_TYPE = YES_ERROR;
				GCC_WARN_UNDECLARED_SELECTOR = YES;
				GCC_WARN_UNINITIALIZED_AUTOS = YES_AGGRESSIVE;
				GCC_WARN_UNUSED_FUNCTION = YES;
				GCC_WARN_UNUSED_VARIABLE = YES;
				IPHONEOS_DEPLOYMENT_TARGET = 14.5;
				MTL_ENABLE_DEBUG_INFO = INCLUDE_SOURCE;
				MTL_FAST_MATH = YES;
				ONLY_ACTIVE_ARCH = YES;
				SDKROOT = iphoneos;
				SWIFT_ACTIVE_COMPILATION_CONDITIONS = DEBUG;
				SWIFT_OPTIMIZATION_LEVEL = "-Onone";
			};
			name = Debug;
		};
		28B406702663FDAA008DA965 /* Release */ = {
			isa = XCBuildConfiguration;
			buildSettings = {
				ALWAYS_SEARCH_USER_PATHS = NO;
				CLANG_ANALYZER_LOCALIZABILITY_NONLOCALIZED = YES;
				CLANG_ANALYZER_NONNULL = YES;
				CLANG_ANALYZER_NUMBER_OBJECT_CONVERSION = YES_AGGRESSIVE;
				CLANG_CXX_LANGUAGE_STANDARD = "gnu++14";
				CLANG_CXX_LIBRARY = "libc++";
				CLANG_ENABLE_MODULES = YES;
				CLANG_ENABLE_OBJC_ARC = YES;
				CLANG_ENABLE_OBJC_WEAK = YES;
				CLANG_WARN_BLOCK_CAPTURE_AUTORELEASING = YES;
				CLANG_WARN_BOOL_CONVERSION = YES;
				CLANG_WARN_COMMA = YES;
				CLANG_WARN_CONSTANT_CONVERSION = YES;
				CLANG_WARN_DEPRECATED_OBJC_IMPLEMENTATIONS = YES;
				CLANG_WARN_DIRECT_OBJC_ISA_USAGE = YES_ERROR;
				CLANG_WARN_DOCUMENTATION_COMMENTS = YES;
				CLANG_WARN_EMPTY_BODY = YES;
				CLANG_WARN_ENUM_CONVERSION = YES;
				CLANG_WARN_INFINITE_RECURSION = YES;
				CLANG_WARN_INT_CONVERSION = YES;
				CLANG_WARN_NON_LITERAL_NULL_CONVERSION = YES;
				CLANG_WARN_OBJC_IMPLICIT_RETAIN_SELF = YES;
				CLANG_WARN_OBJC_LITERAL_CONVERSION = YES;
				CLANG_WARN_OBJC_ROOT_CLASS = YES_ERROR;
				CLANG_WARN_QUOTED_INCLUDE_IN_FRAMEWORK_HEADER = YES;
				CLANG_WARN_RANGE_LOOP_ANALYSIS = YES;
				CLANG_WARN_STRICT_PROTOTYPES = YES;
				CLANG_WARN_SUSPICIOUS_MOVE = YES;
				CLANG_WARN_UNGUARDED_AVAILABILITY = YES_AGGRESSIVE;
				CLANG_WARN_UNREACHABLE_CODE = YES;
				CLANG_WARN__DUPLICATE_METHOD_MATCH = YES;
				COPY_PHASE_STRIP = NO;
				DEBUG_INFORMATION_FORMAT = "dwarf-with-dsym";
				ENABLE_NS_ASSERTIONS = NO;
				ENABLE_STRICT_OBJC_MSGSEND = YES;
				GCC_C_LANGUAGE_STANDARD = gnu11;
				GCC_NO_COMMON_BLOCKS = YES;
				GCC_WARN_64_TO_32_BIT_CONVERSION = YES;
				GCC_WARN_ABOUT_RETURN_TYPE = YES_ERROR;
				GCC_WARN_UNDECLARED_SELECTOR = YES;
				GCC_WARN_UNINITIALIZED_AUTOS = YES_AGGRESSIVE;
				GCC_WARN_UNUSED_FUNCTION = YES;
				GCC_WARN_UNUSED_VARIABLE = YES;
				IPHONEOS_DEPLOYMENT_TARGET = 14.5;
				MTL_ENABLE_DEBUG_INFO = NO;
				MTL_FAST_MATH = YES;
				SDKROOT = iphoneos;
				SWIFT_COMPILATION_MODE = wholemodule;
				SWIFT_OPTIMIZATION_LEVEL = "-O";
				VALIDATE_PRODUCT = YES;
			};
			name = Release;
		};
		28B406722663FDAA008DA965 /* Debug */ = {
			isa = XCBuildConfiguration;
			buildSettings = {
				ASSETCATALOG_COMPILER_APPICON_NAME = AppIcon;
				ASSETCATALOG_COMPILER_GLOBAL_ACCENT_COLOR_NAME = AccentColor;
				CODE_SIGN_STYLE = Automatic;
				DEVELOPMENT_TEAM = NKLMM8NS64;
				INFOPLIST_FILE = TimeCalculate/Info.plist;
				LD_RUNPATH_SEARCH_PATHS = (
					"$(inherited)",
					"@executable_path/Frameworks",
				);
				PRODUCT_BUNDLE_IDENTIFIER = com.gmail.yu.j.0513.TimeCalculate;
				PRODUCT_NAME = "$(TARGET_NAME)";
				SWIFT_VERSION = 5.0;
				TARGETED_DEVICE_FAMILY = "1,2";
			};
			name = Debug;
		};
		28B406732663FDAA008DA965 /* Release */ = {
			isa = XCBuildConfiguration;
			buildSettings = {
				ASSETCATALOG_COMPILER_APPICON_NAME = AppIcon;
				ASSETCATALOG_COMPILER_GLOBAL_ACCENT_COLOR_NAME = AccentColor;
				CODE_SIGN_STYLE = Automatic;
				DEVELOPMENT_TEAM = NKLMM8NS64;
				INFOPLIST_FILE = TimeCalculate/Info.plist;
				LD_RUNPATH_SEARCH_PATHS = (
					"$(inherited)",
					"@executable_path/Frameworks",
				);
				PRODUCT_BUNDLE_IDENTIFIER = com.gmail.yu.j.0513.TimeCalculate;
				PRODUCT_NAME = "$(TARGET_NAME)";
				SWIFT_VERSION = 5.0;
				TARGETED_DEVICE_FAMILY = "1,2";
			};
			name = Release;
		};
		28B406752663FDAA008DA965 /* Debug */ = {
			isa = XCBuildConfiguration;
			buildSettings = {
				ALWAYS_EMBED_SWIFT_STANDARD_LIBRARIES = YES;
				BUNDLE_LOADER = "$(TEST_HOST)";
				CODE_SIGN_STYLE = Automatic;
				DEVELOPMENT_TEAM = NKLMM8NS64;
				INFOPLIST_FILE = TimeCalculateTests/Info.plist;
				IPHONEOS_DEPLOYMENT_TARGET = 14.5;
				LD_RUNPATH_SEARCH_PATHS = (
					"$(inherited)",
					"@executable_path/Frameworks",
					"@loader_path/Frameworks",
				);
				PRODUCT_BUNDLE_IDENTIFIER = com.gmail.yu.j.0513.TimeCalculateTests;
				PRODUCT_NAME = "$(TARGET_NAME)";
				SWIFT_VERSION = 5.0;
				TARGETED_DEVICE_FAMILY = "1,2";
				TEST_HOST = "$(BUILT_PRODUCTS_DIR)/TimeCalculate.app/TimeCalculate";
			};
			name = Debug;
		};
		28B406762663FDAA008DA965 /* Release */ = {
			isa = XCBuildConfiguration;
			buildSettings = {
				ALWAYS_EMBED_SWIFT_STANDARD_LIBRARIES = YES;
				BUNDLE_LOADER = "$(TEST_HOST)";
				CODE_SIGN_STYLE = Automatic;
				DEVELOPMENT_TEAM = NKLMM8NS64;
				INFOPLIST_FILE = TimeCalculateTests/Info.plist;
				IPHONEOS_DEPLOYMENT_TARGET = 14.5;
				LD_RUNPATH_SEARCH_PATHS = (
					"$(inherited)",
					"@executable_path/Frameworks",
					"@loader_path/Frameworks",
				);
				PRODUCT_BUNDLE_IDENTIFIER = com.gmail.yu.j.0513.TimeCalculateTests;
				PRODUCT_NAME = "$(TARGET_NAME)";
				SWIFT_VERSION = 5.0;
				TARGETED_DEVICE_FAMILY = "1,2";
				TEST_HOST = "$(BUILT_PRODUCTS_DIR)/TimeCalculate.app/TimeCalculate";
			};
			name = Release;
		};
		28B406782663FDAA008DA965 /* Debug */ = {
			isa = XCBuildConfiguration;
			buildSettings = {
				ALWAYS_EMBED_SWIFT_STANDARD_LIBRARIES = YES;
				CODE_SIGN_STYLE = Automatic;
				DEVELOPMENT_TEAM = NKLMM8NS64;
				INFOPLIST_FILE = TimeCalculateUITests/Info.plist;
				LD_RUNPATH_SEARCH_PATHS = (
					"$(inherited)",
					"@executable_path/Frameworks",
					"@loader_path/Frameworks",
				);
				PRODUCT_BUNDLE_IDENTIFIER = com.gmail.yu.j.0513.TimeCalculateUITests;
				PRODUCT_NAME = "$(TARGET_NAME)";
				SWIFT_VERSION = 5.0;
				TARGETED_DEVICE_FAMILY = "1,2";
				TEST_TARGET_NAME = TimeCalculate;
			};
			name = Debug;
		};
		28B406792663FDAA008DA965 /* Release */ = {
			isa = XCBuildConfiguration;
			buildSettings = {
				ALWAYS_EMBED_SWIFT_STANDARD_LIBRARIES = YES;
				CODE_SIGN_STYLE = Automatic;
				DEVELOPMENT_TEAM = NKLMM8NS64;
				INFOPLIST_FILE = TimeCalculateUITests/Info.plist;
				LD_RUNPATH_SEARCH_PATHS = (
					"$(inherited)",
					"@executable_path/Frameworks",
					"@loader_path/Frameworks",
				);
				PRODUCT_BUNDLE_IDENTIFIER = com.gmail.yu.j.0513.TimeCalculateUITests;
				PRODUCT_NAME = "$(TARGET_NAME)";
				SWIFT_VERSION = 5.0;
				TARGETED_DEVICE_FAMILY = "1,2";
				TEST_TARGET_NAME = TimeCalculate;
			};
			name = Release;
		};
/* End XCBuildConfiguration section */

/* Begin XCConfigurationList section */
		28B406422663FDA8008DA965 /* Build configuration list for PBXProject "TimeCalculate" */ = {
			isa = XCConfigurationList;
			buildConfigurations = (
				28B4066F2663FDAA008DA965 /* Debug */,
				28B406702663FDAA008DA965 /* Release */,
			);
			defaultConfigurationIsVisible = 0;
			defaultConfigurationName = Release;
		};
		28B406712663FDAA008DA965 /* Build configuration list for PBXNativeTarget "TimeCalculate" */ = {
			isa = XCConfigurationList;
			buildConfigurations = (
				28B406722663FDAA008DA965 /* Debug */,
				28B406732663FDAA008DA965 /* Release */,
			);
			defaultConfigurationIsVisible = 0;
			defaultConfigurationName = Release;
		};
		28B406742663FDAA008DA965 /* Build configuration list for PBXNativeTarget "TimeCalculateTests" */ = {
			isa = XCConfigurationList;
			buildConfigurations = (
				28B406752663FDAA008DA965 /* Debug */,
				28B406762663FDAA008DA965 /* Release */,
			);
			defaultConfigurationIsVisible = 0;
			defaultConfigurationName = Release;
		};
		28B406772663FDAA008DA965 /* Build configuration list for PBXNativeTarget "TimeCalculateUITests" */ = {
			isa = XCConfigurationList;
			buildConfigurations = (
				28B406782663FDAA008DA965 /* Debug */,
				28B406792663FDAA008DA965 /* Release */,
			);
			defaultConfigurationIsVisible = 0;
			defaultConfigurationName = Release;
		};
/* End XCConfigurationList section */
	};
	rootObject = 28B4063F2663FDA8008DA965 /* Project object */;
}
